
Microsoft Visual Studio Solution File, Format Version 12.00
# Visual Studio Version 17
VisualStudioVersion = 17.14.36811.4 d17.14
MinimumVisualStudioVersion = 10.0.40219.1
Project("{FAE04EC0-301F-11D3-BF4B-00C04F79EFBC}") = "par2-safe", "par2-safe.csproj", "{FD8D7C8F-2F2E-F731-EEB9-E9F31D78591C}"
EndProject
Global
	GlobalSection(SolutionConfigurationPlatforms) = preSolution
		Debug|Any CPU = Debug|Any CPU
		Release|Any CPU = Release|Any CPU
	EndGlobalSection
	GlobalSection(ProjectConfigurationPlatforms) = postSolution
		{FD8D7C8F-2F2E-F731-EEB9-E9F31D78591C}.Debug|Any CPU.ActiveCfg = Debug|Any CPU
		{FD8D7C8F-2F2E-F731-EEB9-E9F31D78591C}.Debug|Any CPU.Build.0 = Debug|Any CPU
		{FD8D7C8F-2F2E-F731-EEB9-E9F31D78591C}.Release|Any CPU.ActiveCfg = Release|Any CPU
		{FD8D7C8F-2F2E-F731-EEB9-E9F31D78591C}.Release|Any CPU.Build.0 = Release|Any CPU
	EndGlobalSection
	GlobalSection(SolutionProperties) = preSolution
		HideSolutionNode = FALSE
	EndGlobalSection
	GlobalSection(ExtensibilityGlobals) = postSolution
		SolutionGuid = {01133159-EB27-4765-BD69-0F891AC56D3E}
	EndGlobalSection
EndGlobal
